PODS:
  - GoogleMaps (2.1.0):
    - GoogleMaps/Maps (= 2.1.0)
  - GoogleMaps/Base (2.1.0)
  - GoogleMaps/Maps (2.1.0):
    - GoogleMaps/Base (= 2.1.0)

DEPENDENCIES:
  - GoogleMaps (= 2.1.0)

SPEC CHECKSUMS:
  GoogleMaps: 06589b9a38097bce0cd6e90f0fd9b5e4b4a9344c

PODFILE CHECKSUM: 056a16291f854b6fe3630ce031953ebe75884b9d

COCOAPODS: 1.2.1
